
Microsoft Visual Studio Solution File, Format Version 12.00
# Visual Studio Version 17
VisualStudioVersion = 17.14.36915.13 d17.14
MinimumVisualStudioVersion = 10.0.40219.1
Project("{FAE04EC0-301F-11D3-BF4B-00C04F79EFBC}") = "Insurance(oops-crud)", "Insurance(oops-crud)\Insurance(oops-crud).csproj", "{2D0E9FF6-2795-423E-A36A-29098CA77660}"
EndProject
Global
	GlobalSection(SolutionConfigurationPlatforms) = preSolution
		Debug|Any CPU = Debug|Any CPU
		Release|Any CPU = Release|Any CPU
	EndGlobalSection
	GlobalSection(ProjectConfigurationPlatforms) = postSolution
		{2D0E9FF6-2795-423E-A36A-29098CA77660}.Debug|Any CPU.ActiveCfg = Debug|Any CPU
		{2D0E9FF6-2795-423E-A36A-29098CA77660}.Debug|Any CPU.Build.0 = Debug|Any CPU
		{2D0E9FF6-2795-423E-A36A-29098CA77660}.Release|Any CPU.ActiveCfg = Release|Any CPU
		{2D0E9FF6-2795-423E-A36A-29098CA77660}.Release|Any CPU.Build.0 = Release|Any CPU
	EndGlobalSection
	GlobalSection(SolutionProperties) = preSolution
		HideSolutionNode = FALSE
	EndGlobalSection
	GlobalSection(ExtensibilityGlobals) = postSolution
		SolutionGuid = {199DA1A5-EE2E-4843-8F5B-F1B7D15F7790}
	EndGlobalSection
EndGlobal
