
Microsoft Visual Studio Solution File, Format Version 12.00
# Visual Studio Version 17
VisualStudioVersion = 17.14.36915.13 d17.14
MinimumVisualStudioVersion = 10.0.40219.1
Project("{FAE04EC0-301F-11D3-BF4B-00C04F79EFBC}") = "program", "program\program.csproj", "{461ED21B-A483-4487-B65E-F8557AC210D1}"
EndProject
Project("{FAE04EC0-301F-11D3-BF4B-00C04F79EFBC}") = "SecondProgram", "SecondProgram\SecondProgram.csproj", "{48B7DF89-B287-4247-843A-478DDE1ED64B}"
EndProject
Global
	GlobalSection(SolutionConfigurationPlatforms) = preSolution
		Debug|Any CPU = Debug|Any CPU
		Release|Any CPU = Release|Any CPU
	EndGlobalSection
	GlobalSection(ProjectConfigurationPlatforms) = postSolution
		{461ED21B-A483-4487-B65E-F8557AC210D1}.Debug|Any CPU.ActiveCfg = Debug|Any CPU
		{461ED21B-A483-4487-B65E-F8557AC210D1}.Debug|Any CPU.Build.0 = Debug|Any CPU
		{461ED21B-A483-4487-B65E-F8557AC210D1}.Release|Any CPU.ActiveCfg = Release|Any CPU
		{461ED21B-A483-4487-B65E-F8557AC210D1}.Release|Any CPU.Build.0 = Release|Any CPU
		{48B7DF89-B287-4247-843A-478DDE1ED64B}.Debug|Any CPU.ActiveCfg = Debug|Any CPU
		{48B7DF89-B287-4247-843A-478DDE1ED64B}.Debug|Any CPU.Build.0 = Debug|Any CPU
		{48B7DF89-B287-4247-843A-478DDE1ED64B}.Release|Any CPU.ActiveCfg = Release|Any CPU
		{48B7DF89-B287-4247-843A-478DDE1ED64B}.Release|Any CPU.Build.0 = Release|Any CPU
	EndGlobalSection
	GlobalSection(SolutionProperties) = preSolution
		HideSolutionNode = FALSE
	EndGlobalSection
	GlobalSection(ExtensibilityGlobals) = postSolution
		SolutionGuid = {09C7D206-0790-4A21-B9C3-154C0A67CDA1}
	EndGlobalSection
EndGlobal
